
Microsoft Visual Studio Solution File, Format Version 12.00
# Visual Studio Version 16
VisualStudioVersion = 16.0.30406.217
MinimumVisualStudioVersion = 10.0.40219.1
Project("{FAE04EC0-301F-11D3-BF4B-00C04F79EFBC}") = "BRL", "BRL\BRL.csproj", "{9B623AA5-DD6B-43ED-BC22-81D9D9936B24}"
EndProject
Project("{FAE04EC0-301F-11D3-BF4B-00C04F79EFBC}") = "UI", "UI\UI.csproj", "{AD4A3415-4F20-4906-9DE2-2F2617DD5E7E}"
EndProject
Global
	GlobalSection(SolutionConfigurationPlatforms) = preSolution
		Debug|Any CPU = Debug|Any CPU
		Release|Any CPU = Release|Any CPU
	EndGlobalSection
	GlobalSection(ProjectConfigurationPlatforms) = postSolution
		{9B623AA5-DD6B-43ED-BC22-81D9D9936B24}.Debug|Any CPU.ActiveCfg = Debug|Any CPU
		{9B623AA5-DD6B-43ED-BC22-81D9D9936B24}.Debug|Any CPU.Build.0 = Debug|Any CPU
		{9B623AA5-DD6B-43ED-BC22-81D9D9936B24}.Release|Any CPU.ActiveCfg = Release|Any CPU
		{9B623AA5-DD6B-43ED-BC22-81D9D9936B24}.Release|Any CPU.Build.0 = Release|Any CPU
		{AD4A3415-4F20-4906-9DE2-2F2617DD5E7E}.Debug|Any CPU.ActiveCfg = Debug|Any CPU
		{AD4A3415-4F20-4906-9DE2-2F2617DD5E7E}.Debug|Any CPU.Build.0 = Debug|Any CPU
		{AD4A3415-4F20-4906-9DE2-2F2617DD5E7E}.Release|Any CPU.ActiveCfg = Release|Any CPU
		{AD4A3415-4F20-4906-9DE2-2F2617DD5E7E}.Release|Any CPU.Build.0 = Release|Any CPU
	EndGlobalSection
	GlobalSection(SolutionProperties) = preSolution
		HideSolutionNode = FALSE
	EndGlobalSection
	GlobalSection(ExtensibilityGlobals) = postSolution
		SolutionGuid = {1E29E4F5-DE35-4713-A248-BF6B345202E7}
	EndGlobalSection
EndGlobal
